
Microsoft Visual Studio Solution File, Format Version 12.00
# Visual Studio Version 16
VisualStudioVersion = 16.0.32428.217
MinimumVisualStudioVersion = 10.0.40219.1
Project("{FAE04EC0-301F-11D3-BF4B-00C04F79EFBC}") = "Calculator", "Calculator\Calculator.csproj", "{DE4CA85C-6099-4B87-8E10-B7C2EEC5CE50}"
EndProject
Global
	GlobalSection(SolutionConfigurationPlatforms) = preSolution
		Debug|Any CPU = Debug|Any CPU
		Release|Any CPU = Release|Any CPU
	EndGlobalSection
	GlobalSection(ProjectConfigurationPlatforms) = postSolution
		{DE4CA85C-6099-4B87-8E10-B7C2EEC5CE50}.Debug|Any CPU.ActiveCfg = Debug|Any CPU
		{DE4CA85C-6099-4B87-8E10-B7C2EEC5CE50}.Debug|Any CPU.Build.0 = Debug|Any CPU
		{DE4CA85C-6099-4B87-8E10-B7C2EEC5CE50}.Release|Any CPU.ActiveCfg = Release|Any CPU
		{DE4CA85C-6099-4B87-8E10-B7C2EEC5CE50}.Release|Any CPU.Build.0 = Release|Any CPU
	EndGlobalSection
	GlobalSection(SolutionProperties) = preSolution
		HideSolutionNode = FALSE
	EndGlobalSection
	GlobalSection(ExtensibilityGlobals) = postSolution
		SolutionGuid = {928614E5-9715-4DC5-BFFF-6E8FAB0D3A30}
	EndGlobalSection
EndGlobal
